
Microsoft Visual Studio Solution File, Format Version 12.00
# Visual Studio Version 17
VisualStudioVersion = 17.1.32328.378
MinimumVisualStudioVersion = 10.0.40219.1
Project("{9A19103F-16F7-4668-BE54-9A1E7A4F7556}") = "lidaex", "lidaex\lidaex.csproj", "{610F6B0C-CA34-4B0B-B922-9774BD170A9E}"
EndProject
Project("{FAE04EC0-301F-11D3-BF4B-00C04F79EFBC}") = "Web", "Web\Web.csproj", "{2A69A846-7A3C-4752-BA26-91006ABA9BFA}"
EndProject
Global
	GlobalSection(SolutionConfigurationPlatforms) = preSolution
		Debug|Any CPU = Debug|Any CPU
		Release|Any CPU = Release|Any CPU
	EndGlobalSection
	GlobalSection(ProjectConfigurationPlatforms) = postSolution
		{610F6B0C-CA34-4B0B-B922-9774BD170A9E}.Debug|Any CPU.ActiveCfg = Debug|Any CPU
		{610F6B0C-CA34-4B0B-B922-9774BD170A9E}.Debug|Any CPU.Build.0 = Debug|Any CPU
		{610F6B0C-CA34-4B0B-B922-9774BD170A9E}.Release|Any CPU.ActiveCfg = Release|Any CPU
		{610F6B0C-CA34-4B0B-B922-9774BD170A9E}.Release|Any CPU.Build.0 = Release|Any CPU
		{2A69A846-7A3C-4752-BA26-91006ABA9BFA}.Debug|Any CPU.ActiveCfg = Debug|x86
		{2A69A846-7A3C-4752-BA26-91006ABA9BFA}.Release|Any CPU.ActiveCfg = Debug|x86
	EndGlobalSection
	GlobalSection(SolutionProperties) = preSolution
		HideSolutionNode = FALSE
	EndGlobalSection
	GlobalSection(ExtensibilityGlobals) = postSolution
		SolutionGuid = {5036285D-5F21-4824-9711-2C3AC505F989}
	EndGlobalSection
EndGlobal
